
Microsoft Visual Studio Solution File, Format Version 12.00
# Visual Studio 15
VisualStudioVersion = 15.0.26228.9
MinimumVisualStudioVersion = 10.0.40219.1
Project("{FAE04EC0-301F-11D3-BF4B-00C04F79EFBC}") = "2014139865-CON", "2014139865-CON\2014139865-CON.csproj", "{0774C6A4-9D71-48B6-B1E7-DFB7FE555FA4}"
EndProject
Project("{FAE04EC0-301F-11D3-BF4B-00C04F79EFBC}") = "2014139865-ENT", "..\2014139865-ENT\2014139865-ENT.csproj", "{8521CA77-5ACD-4F01-94DE-2F247EEB47DB}"
EndProject
Project("{FAE04EC0-301F-11D3-BF4B-00C04F79EFBC}") = "2014139865-PER", "..\2014139865-PER\2014139865-PER.csproj", "{575B532E-81D8-427A-90B5-4997402A58F8}"
EndProject
Global
	GlobalSection(SolutionConfigurationPlatforms) = preSolution
		Debug|Any CPU = Debug|Any CPU
		Release|Any CPU = Release|Any CPU
	EndGlobalSection
	GlobalSection(ProjectConfigurationPlatforms) = postSolution
		{0774C6A4-9D71-48B6-B1E7-DFB7FE555FA4}.Debug|Any CPU.ActiveCfg = Debug|Any CPU
		{0774C6A4-9D71-48B6-B1E7-DFB7FE555FA4}.Debug|Any CPU.Build.0 = Debug|Any CPU
		{0774C6A4-9D71-48B6-B1E7-DFB7FE555FA4}.Release|Any CPU.ActiveCfg = Release|Any CPU
		{0774C6A4-9D71-48B6-B1E7-DFB7FE555FA4}.Release|Any CPU.Build.0 = Release|Any CPU
		{8521CA77-5ACD-4F01-94DE-2F247EEB47DB}.Debug|Any CPU.ActiveCfg = Debug|Any CPU
		{8521CA77-5ACD-4F01-94DE-2F247EEB47DB}.Debug|Any CPU.Build.0 = Debug|Any CPU
		{8521CA77-5ACD-4F01-94DE-2F247EEB47DB}.Release|Any CPU.ActiveCfg = Release|Any CPU
		{8521CA77-5ACD-4F01-94DE-2F247EEB47DB}.Release|Any CPU.Build.0 = Release|Any CPU
		{575B532E-81D8-427A-90B5-4997402A58F8}.Debug|Any CPU.ActiveCfg = Debug|Any CPU
		{575B532E-81D8-427A-90B5-4997402A58F8}.Debug|Any CPU.Build.0 = Debug|Any CPU
		{575B532E-81D8-427A-90B5-4997402A58F8}.Release|Any CPU.ActiveCfg = Release|Any CPU
		{575B532E-81D8-427A-90B5-4997402A58F8}.Release|Any CPU.Build.0 = Release|Any CPU
	EndGlobalSection
	GlobalSection(SolutionProperties) = preSolution
		HideSolutionNode = FALSE
	EndGlobalSection
EndGlobal
